Microsoft Visual Studio Solution File, Format Version 12.00
# Visual Studio 2012
Project("{FAE04EC0-301F-11D3-BF4B-00C04F79EFBC}") = "Yoka", "Yoka.csproj", "{8BF27967-DA7A-4FFF-A6F9-E4E88D657BAE}"
EndProject
Global
	GlobalSection(SolutionConfigurationPlatforms) = preSolution
	Debug|Any CPU = Debug|Any CPU
	ExportDebug|Any CPU = ExportDebug|Any CPU
	ExportRelease|Any CPU = ExportRelease|Any CPU
	EndGlobalSection
	GlobalSection(ProjectConfigurationPlatforms) = postSolution
		{8BF27967-DA7A-4FFF-A6F9-E4E88D657BAE}.Debug|Any CPU.ActiveCfg = Debug|Any CPU
		{8BF27967-DA7A-4FFF-A6F9-E4E88D657BAE}.Debug|Any CPU.Build.0 = Debug|Any CPU
		{8BF27967-DA7A-4FFF-A6F9-E4E88D657BAE}.ExportDebug|Any CPU.ActiveCfg = ExportDebug|Any CPU
		{8BF27967-DA7A-4FFF-A6F9-E4E88D657BAE}.ExportDebug|Any CPU.Build.0 = ExportDebug|Any CPU
		{8BF27967-DA7A-4FFF-A6F9-E4E88D657BAE}.ExportRelease|Any CPU.ActiveCfg = ExportRelease|Any CPU
		{8BF27967-DA7A-4FFF-A6F9-E4E88D657BAE}.ExportRelease|Any CPU.Build.0 = ExportRelease|Any CPU
	EndGlobalSection
EndGlobal
